
Microsoft Visual Studio Solution File, Format Version 12.00
# Visual Studio Version 17
VisualStudioVersion = 17.6.33815.320
MinimumVisualStudioVersion = 10.0.40219.1
Project("{FAE04EC0-301F-11D3-BF4B-00C04F79EFBC}") = "ho", "ho\ho.csproj", "{F1373FC8-EA5A-400F-9431-65A5E40C2F7F}"
EndProject
Global
	GlobalSection(SolutionConfigurationPlatforms) = preSolution
		Debug|Any CPU = Debug|Any CPU
		Release|Any CPU = Release|Any CPU
	EndGlobalSection
	GlobalSection(ProjectConfigurationPlatforms) = postSolution
		{F1373FC8-EA5A-400F-9431-65A5E40C2F7F}.Debug|Any CPU.ActiveCfg = Debug|Any CPU
		{F1373FC8-EA5A-400F-9431-65A5E40C2F7F}.Debug|Any CPU.Build.0 = Debug|Any CPU
		{F1373FC8-EA5A-400F-9431-65A5E40C2F7F}.Release|Any CPU.ActiveCfg = Release|Any CPU
		{F1373FC8-EA5A-400F-9431-65A5E40C2F7F}.Release|Any CPU.Build.0 = Release|Any CPU
	EndGlobalSection
	GlobalSection(SolutionProperties) = preSolution
		HideSolutionNode = FALSE
	EndGlobalSection
	GlobalSection(ExtensibilityGlobals) = postSolution
		SolutionGuid = {1BAE177F-2363-4CC9-ACAE-5538876BB48D}
	EndGlobalSection
EndGlobal
